
Microsoft Visual Studio Solution File, Format Version 12.00
# Visual Studio Version 17
VisualStudioVersion = 17.13.35919.96
MinimumVisualStudioVersion = 10.0.40219.1
Project("{FAE04EC0-301F-11D3-BF4B-00C04F79EFBC}") = "PAW LAB 4-5", "PAW LAB 4-5.csproj", "{83A82DC3-A5DA-400A-9674-6AD4B603F6D8}"
EndProject
Global
	GlobalSection(SolutionConfigurationPlatforms) = preSolution
		Debug|Any CPU = Debug|Any CPU
		Release|Any CPU = Release|Any CPU
	EndGlobalSection
	GlobalSection(ProjectConfigurationPlatforms) = postSolution
		{83A82DC3-A5DA-400A-9674-6AD4B603F6D8}.Debug|Any CPU.ActiveCfg = Debug|Any CPU
		{83A82DC3-A5DA-400A-9674-6AD4B603F6D8}.Debug|Any CPU.Build.0 = Debug|Any CPU
		{83A82DC3-A5DA-400A-9674-6AD4B603F6D8}.Release|Any CPU.ActiveCfg = Release|Any CPU
		{83A82DC3-A5DA-400A-9674-6AD4B603F6D8}.Release|Any CPU.Build.0 = Release|Any CPU
	EndGlobalSection
	GlobalSection(SolutionProperties) = preSolution
		HideSolutionNode = FALSE
	EndGlobalSection
	GlobalSection(ExtensibilityGlobals) = postSolution
		SolutionGuid = {5D514444-04B0-4EE7-970E-6D8124005EC1}
	EndGlobalSection
EndGlobal
